{
  "nodes": {
    "nixpkgs": {
      "locked": {
        "lastModified": 1768621446,
        "narHash": "sha256-6YwHV1cjv6arXdF/PQc365h1j+Qje3Pydk501Rm4Q+4=",
        "rev": "72ac591e737060deab2b86d6952babd1f896d7c5",
        "revCount": 905964,
        "type": "tarball",
        "url": "https://api.flakehub.com/f/pinned/NixOS/nixpkgs/0.2511.905964%2Brev-72ac591e737060deab2b86d6952babd1f896d7c5/019bcf9f-543a-7550-86e0-2e6a8fefa031/source.tar.gz"
      },
      "original": {
        "type": "tarball",
        "url": "https://flakehub.com/f/NixOS/nixpkgs/0"
      }
    },
    "root": {
      "inputs": {
        "nixpkgs": "nixpkgs"
      }
    }
  },
  "root": "root",
  "version": 7
}
