github.com/antlr4-go/antlr/v4 v4.13.0 h1:lxCg3LAv+EUK6t1i0y1V6/SLeUi0eKEKdhQAlS8TVTI=
github.com/antlr4-go/antlr/v4 v4.13.0/go.mod h1:pfChB/xh/Unjila75QW7+VU4TSnWnnk9UTnmpPaOR2g=
github.com/coder/websocket v1.8.12 h1:5bUXkEPPIbewrnkU8LTCLVaxi4N4J8ahufH2vlo4NAo=
github.com/coder/websocket v1.8.12/go.mod h1:LNVeNrXQZfe5qhS9ALED3uA+l5pPqvwXg3CKoDBB2gs=
github.com/go-chi/chi v1.5.4 h1:QHdzF2szwjqVV4wmByUnTcsbIg7UGaQ0tPF2t5GcAIs=
github.com/go-chi/chi v1.5.4/go.mod h1:uaf8YgoFazUOkPBG7fxPftUylNumIev9awIWOENIuEg=
github.com/google/uuid v1.3.0 h1:t6JiXgmwXMjEs8VusXIJk2BXHsn+wx8BZdTaoZ5fu7I=
github.com/google/uuid v1.3.0/go.mod h1:TIyPZe4MgqvfeYDBFedMoGGpEw/LqOeaOT+nhxU+yHo=
github.com/joho/godotenv v1.5.1 h1:7eLL/+HRGLY0ldzfGMeQkb7vMd0as4CfYvUVzLqw0N0=
github.com/joho/godotenv v1.5.1/go.mod h1:f4LDr5Voq0i2e/R5DDNOoa2zzDfwtkZa6DnEwAbqwq4=
github.com/tursodatabase/libsql-client-go v0.0.0-20240812094001-348a4e45b535 h1:iLjJLq2A5J6L9zrhyNn+fpmxFvtEpYB4XLMr0rX3epI=
github.com/tursodatabase/libsql-client-go v0.0.0-20240812094001-348a4e45b535/go.mod h1:l8xTsYB90uaVdMHXMCxKKLSgw5wLYBwBKKefNIUnm9s=
golang.org/x/exp v0.0.0-20240325151524-a685a6edb6d8 h1:aAcj0Da7eBAtrTp03QXWvm88pSyOt+UgdZw2BFZ+lEw=
golang.org/x/exp v0.0.0-20240325151524-a685a6edb6d8/go.mod h1:CQ1k9gNrJ50XIzaKCRR2hssIjF07kZFEiieALBM/ARQ=
